
Microsoft Visual Studio Solution File, Format Version 12.00
# Visual Studio Version 16
VisualStudioVersion = 16.0.32126.315
MinimumVisualStudioVersion = 10.0.40219.1
Project("{FAE04EC0-301F-11D3-BF4B-00C04F79EFBC}") = "DiscordRP", "DiscordRP\DiscordRP.csproj", "{A9883F74-3F40-4932-A2C3-24A4FBA691DE}"
EndProject
Global
	GlobalSection(SolutionConfigurationPlatforms) = preSolution
		Debug|Any CPU = Debug|Any CPU
		Release|Any CPU = Release|Any CPU
	EndGlobalSection
	GlobalSection(ProjectConfigurationPlatforms) = postSolution
		{A9883F74-3F40-4932-A2C3-24A4FBA691DE}.Debug|Any CPU.ActiveCfg = Debug|Any CPU
		{A9883F74-3F40-4932-A2C3-24A4FBA691DE}.Debug|Any CPU.Build.0 = Debug|Any CPU
		{A9883F74-3F40-4932-A2C3-24A4FBA691DE}.Release|Any CPU.ActiveCfg = Release|Any CPU
		{A9883F74-3F40-4932-A2C3-24A4FBA691DE}.Release|Any CPU.Build.0 = Release|Any CPU
	EndGlobalSection
	GlobalSection(SolutionProperties) = preSolution
		HideSolutionNode = FALSE
	EndGlobalSection
	GlobalSection(ExtensibilityGlobals) = postSolution
		SolutionGuid = {EED646E6-9F31-4987-97BC-A3A0CA88818C}
	EndGlobalSection
EndGlobal
