
Microsoft Visual Studio Solution File, Format Version 12.00
# Visual Studio Version 17
VisualStudioVersion = 17.1.32407.343
MinimumVisualStudioVersion = 10.0.40219.1
Project("{FAE04EC0-301F-11D3-BF4B-00C04F79EFBC}") = "DiscordRP", "DiscordRP\DiscordRP.csproj", "{A9883F74-3F40-4932-A2C3-24A4FBA691DE}"
EndProject
Project("{FAE04EC0-301F-11D3-BF4B-00C04F79EFBC}") = "DiscordRPUpdater", "DiscordRPUpdater\DiscordRPUpdater.csproj", "{45C03E05-3109-4C5E-A4C5-0D24CBC460EA}"
EndProject
Project("{FAE04EC0-301F-11D3-BF4B-00C04F79EFBC}") = "DiscordRPInstaller", "DiscordRPInstaller\DiscordRPInstaller.csproj", "{075F19CC-1650-4754-887E-26027F4F2E25}"
EndProject
Global
	GlobalSection(SolutionConfigurationPlatforms) = preSolution
		Debug|Any CPU = Debug|Any CPU
		Release|Any CPU = Release|Any CPU
	EndGlobalSection
	GlobalSection(ProjectConfigurationPlatforms) = postSolution
		{A9883F74-3F40-4932-A2C3-24A4FBA691DE}.Debug|Any CPU.ActiveCfg = Debug|Any CPU
		{A9883F74-3F40-4932-A2C3-24A4FBA691DE}.Debug|Any CPU.Build.0 = Debug|Any CPU
		{A9883F74-3F40-4932-A2C3-24A4FBA691DE}.Release|Any CPU.ActiveCfg = Release|Any CPU
		{A9883F74-3F40-4932-A2C3-24A4FBA691DE}.Release|Any CPU.Build.0 = Release|Any CPU
		{45C03E05-3109-4C5E-A4C5-0D24CBC460EA}.Debug|Any CPU.ActiveCfg = Debug|Any CPU
		{45C03E05-3109-4C5E-A4C5-0D24CBC460EA}.Debug|Any CPU.Build.0 = Debug|Any CPU
		{45C03E05-3109-4C5E-A4C5-0D24CBC460EA}.Release|Any CPU.ActiveCfg = Release|Any CPU
		{45C03E05-3109-4C5E-A4C5-0D24CBC460EA}.Release|Any CPU.Build.0 = Release|Any CPU
		{075F19CC-1650-4754-887E-26027F4F2E25}.Debug|Any CPU.ActiveCfg = Debug|Any CPU
		{075F19CC-1650-4754-887E-26027F4F2E25}.Debug|Any CPU.Build.0 = Debug|Any CPU
		{075F19CC-1650-4754-887E-26027F4F2E25}.Release|Any CPU.ActiveCfg = Release|Any CPU
		{075F19CC-1650-4754-887E-26027F4F2E25}.Release|Any CPU.Build.0 = Release|Any CPU
	EndGlobalSection
	GlobalSection(SolutionProperties) = preSolution
		HideSolutionNode = FALSE
	EndGlobalSection
	GlobalSection(ExtensibilityGlobals) = postSolution
		SolutionGuid = {EED646E6-9F31-4987-97BC-A3A0CA88818C}
	EndGlobalSection
EndGlobal
